// !$*UTF8*$!
{
	archiveVersion = 1;
	classes = {
	};
	objectVersion = 46;
	objects = {

/* Begin PBXBuildFile section */
		3284F77C1D5E223D00F14FB3 /* DiscoverViewController.swift in Sources */ = {isa = PBXBuildFile; fileRef = 3284F77B1D5E223D00F14FB3 /* DiscoverViewController.swift */; };
		3284F77E1D5E226000F14FB3 /* HomeViewController.swift in Sources */ = {isa = PBXBuildFile; fileRef = 3284F77D1D5E226000F14FB3 /* HomeViewController.swift */; };
		3284F7801D5E227D00F14FB3 /* MessageViewController.swift in Sources */ = {isa = PBXBuildFile; fileRef = 3284F77F1D5E227D00F14FB3 /* MessageViewController.swift */; };
		3284F7821D5E229500F14FB3 /* ProfileViewController.swift in Sources */ = {isa = PBXBuildFile; fileRef = 3284F7811D5E229500F14FB3 /* ProfileViewController.swift */; };
		3284F7881D5E238B00F14FB3 /* WBTabBarController.swift in Sources */ = {isa = PBXBuildFile; fileRef = 3284F7871D5E238B00F14FB3 /* WBTabBarController.swift */; };
		3284F78A1D5E23A500F14FB3 /* WBNavigationController.swift in Sources */ = {isa = PBXBuildFile; fileRef = 3284F7891D5E23A500F14FB3 /* WBNavigationController.swift */; };
		3284F78C1D5E24E500F14FB3 /* Images.xcassets in Resources */ = {isa = PBXBuildFile; fileRef = 3284F78B1D5E24E500F14FB3 /* Images.xcassets */; };
		32FA84DA1D5E18C600B0B698 /* AppDelegate.swift in Sources */ = {isa = PBXBuildFile; fileRef = 32FA84D91D5E18C600B0B698 /* AppDelegate.swift */; };
		32FA84EF1D5E18C600B0B698 /* JSWeiboDemoTests.swift in Sources */ = {isa = PBXBuildFile; fileRef = 32FA84EE1D5E18C600B0B698 /* JSWeiboDemoTests.swift */; };
		32FA84FA1D5E18C600B0B698 /* JSWeiboDemoUITests.swift in Sources */ = {isa = PBXBuildFile; fileRef = 32FA84F91D5E18C600B0B698 /* JSWeiboDemoUITests.swift */; };
		4C689BA31E62BB2300B679D5 /* WBBaseViewController.swift in Sources */ = {isa = PBXBuildFile; fileRef = 4C689BA21E62BB2300B679D5 /* WBBaseViewController.swift */; };
		4C689BA51E63097000B679D5 /* WBTempViewController.swift in Sources */ = {isa = PBXBuildFile; fileRef = 4C689BA41E63097000B679D5 /* WBTempViewController.swift */; };
		4C689BAD1E6DA5A400B679D5 /* VisitorView.swift in Sources */ = {isa = PBXBuildFile; fileRef = 4C689BAC1E6DA5A400B679D5 /* VisitorView.swift */; };
		4C689CAB1E76EFB400B679D5 /* UIColor+Extension.swift in Sources */ = {isa = PBXBuildFile; fileRef = 4C689CAA1E76EFB400B679D5 /* UIColor+Extension.swift */; };
		4C689CAF1E76F63A00B679D5 /* UINavigationController+Extension.swift in Sources */ = {isa = PBXBuildFile; fileRef = 4C689CAE1E76F63A00B679D5 /* UINavigationController+Extension.swift */; };
		4C689CB11E76F6E800B679D5 /* UIViewController+Extension.swift in Sources */ = {isa = PBXBuildFile; fileRef = 4C689CB01E76F6E700B679D5 /* UIViewController+Extension.swift */; };
		4C99DCEA1E5B3C5500D9C0A0 /* WBTabBar.swift in Sources */ = {isa = PBXBuildFile; fileRef = 4C99DCE91E5B3C5500D9C0A0 /* WBTabBar.swift */; };
		4C99DCEE1E5B3D0500D9C0A0 /* Constant.swift in Sources */ = {isa = PBXBuildFile; fileRef = 4C99DCED1E5B3D0500D9C0A0 /* Constant.swift */; };
		4CDDAC731E6278E500868E4A /* UIBarButtonItem+Extension.swift in Sources */ = {isa = PBXBuildFile; fileRef = 4CDDAC721E6278E500868E4A /* UIBarButtonItem+Extension.swift */; };
		4CDDAC771E627ED100868E4A /* WBVisitorViewController.swift in Sources */ = {isa = PBXBuildFile; fileRef = 4CDDAC761E627ED100868E4A /* WBVisitorViewController.swift */; };
		4CDDAC791E627F2E00868E4A /* WBVisitorView.swift in Sources */ = {isa = PBXBuildFile; fileRef = 4CDDAC781E627F2E00868E4A /* WBVisitorView.swift */; };
		4CDDAC7B1E62814C00868E4A /* UIImageView+Extension.swift in Sources */ = {isa = PBXBuildFile; fileRef = 4CDDAC7A1E62814C00868E4A /* UIImageView+Extension.swift */; };
		4CDDAC7D1E6282B700868E4A /* UILabel+Extension.swift in Sources */ = {isa = PBXBuildFile; fileRef = 4CDDAC7C1E6282B700868E4A /* UILabel+Extension.swift */; };
		4CDDAC831E628B1600868E4A /* WBComposeViewController.swift in Sources */ = {isa = PBXBuildFile; fileRef = 4CDDAC821E628B1600868E4A /* WBComposeViewController.swift */; };
		F9560E5FDCB91D66A3654B14 /* Pods_JSWeiboDemo.framework in Frameworks */ = {isa = PBXBuildFile; fileRef = 04A3BA8CD604002EE3246FDF /* Pods_JSWeiboDemo.framework */; };
/* End PBXBuildFile section */

/* Begin PBXContainerItemProxy section */
		32FA84EB1D5E18C600B0B698 /* PBXContainerItemProxy */ = {
			isa = PBXContainerItemProxy;
			containerPortal = 32FA84CE1D5E18C600B0B698 /* Project object */;
			proxyType = 1;
			remoteGlobalIDString = 32FA84D51D5E18C600B0B698;
			remoteInfo = JSWeiboDemo;
		};
		32FA84F61D5E18C600B0B698 /* PBXContainerItemProxy */ = {
			isa = PBXContainerItemProxy;
			containerPortal = 32FA84CE1D5E18C600B0B698 /* Project object */;
			proxyType = 1;
			remoteGlobalIDString = 32FA84D51D5E18C600B0B698;
			remoteInfo = JSWeiboDemo;
		};
/* End PBXContainerItemProxy section */

/* Begin PBXFileReference section */
		04A3BA8CD604002EE3246FDF /* Pods_JSWeiboDemo.framework */ = {isa = PBXFileReference; explicitFileType = wrapper.framework; includeInIndex = 0; path = Pods_JSWeiboDemo.framework; sourceTree = BUILT_PRODUCTS_DIR; };
		06440F5939C8F6D425677BF0 /* Pods-JSWeiboDemo.release.xcconfig */ = {isa = PBXFileReference; includeInIndex = 1; lastKnownFileType = text.xcconfig; name = "Pods-JSWeiboDemo.release.xcconfig"; path = "Pods/Target Support Files/Pods-JSWeiboDemo/Pods-JSWeiboDemo.release.xcconfig"; sourceTree = "<group>"; };
		3284F77B1D5E223D00F14FB3 /* DiscoverViewController.swift */ = {isa = PBXFileReference; fileEncoding = 4; lastKnownFileType = sourcecode.swift; path = DiscoverViewController.swift; sourceTree = "<group>"; };
		3284F77D1D5E226000F14FB3 /* HomeViewController.swift */ = {isa = PBXFileReference; fileEncoding = 4; lastKnownFileType = sourcecode.swift; path = HomeViewController.swift; sourceTree = "<group>"; };
		3284F77F1D5E227D00F14FB3 /* MessageViewController.swift */ = {isa = PBXFileReference; fileEncoding = 4; lastKnownFileType = sourcecode.swift; path = MessageViewController.swift; sourceTree = "<group>"; };
		3284F7811D5E229500F14FB3 /* ProfileViewController.swift */ = {isa = PBXFileReference; fileEncoding = 4; lastKnownFileType = sourcecode.swift; path = ProfileViewController.swift; sourceTree = "<group>"; };
		3284F7871D5E238B00F14FB3 /* WBTabBarController.swift */ = {isa = PBXFileReference; fileEncoding = 4; lastKnownFileType = sourcecode.swift; path = WBTabBarController.swift; sourceTree = "<group>"; };
		3284F7891D5E23A500F14FB3 /* WBNavigationController.swift */ = {isa = PBXFileReference; fileEncoding = 4; lastKnownFileType = sourcecode.swift; path = WBNavigationController.swift; sourceTree = "<group>"; };
		3284F78B1D5E24E500F14FB3 /* Images.xcassets */ = {isa = PBXFileReference; lastKnownFileType = folder.assetcatalog; path = Images.xcassets; sourceTree = "<group>"; };
		32FA84D61D5E18C600B0B698 /* JSWeiboDemo.app */ = {isa = PBXFileReference; explicitFileType = wrapper.application; includeInIndex = 0; path = JSWeiboDemo.app; sourceTree = BUILT_PRODUCTS_DIR; };
		32FA84D91D5E18C600B0B698 /* AppDelegate.swift */ = {isa = PBXFileReference; lastKnownFileType = sourcecode.swift; path = AppDelegate.swift; sourceTree = "<group>"; };
		32FA84E51D5E18C600B0B698 /* Info.plist */ = {isa = PBXFileReference; lastKnownFileType = text.plist.xml; path = Info.plist; sourceTree = "<group>"; };
		32FA84EA1D5E18C600B0B698 /* JSWeiboDemoTests.xctest */ = {isa = PBXFileReference; explicitFileType = wrapper.cfbundle; includeInIndex = 0; path = JSWeiboDemoTests.xctest; sourceTree = BUILT_PRODUCTS_DIR; };
		32FA84EE1D5E18C600B0B698 /* JSWeiboDemoTests.swift */ = {isa = PBXFileReference; lastKnownFileType = sourcecode.swift; path = JSWeiboDemoTests.swift; sourceTree = "<group>"; };
		32FA84F01D5E18C600B0B698 /* Info.plist */ = {isa = PBXFileReference; lastKnownFileType = text.plist.xml; path = Info.plist; sourceTree = "<group>"; };
		32FA84F51D5E18C600B0B698 /* JSWeiboDemoUITests.xctest */ = {isa = PBXFileReference; explicitFileType = wrapper.cfbundle; includeInIndex = 0; path = JSWeiboDemoUITests.xctest; sourceTree = BUILT_PRODUCTS_DIR; };
		32FA84F91D5E18C600B0B698 /* JSWeiboDemoUITests.swift */ = {isa = PBXFileReference; lastKnownFileType = sourcecode.swift; path = JSWeiboDemoUITests.swift; sourceTree = "<group>"; };
		32FA84FB1D5E18C600B0B698 /* Info.plist */ = {isa = PBXFileReference; lastKnownFileType = text.plist.xml; path = Info.plist; sourceTree = "<group>"; };
		4C689BA21E62BB2300B679D5 /* WBBaseViewController.swift */ = {isa = PBXFileReference; fileEncoding = 4; lastKnownFileType = sourcecode.swift; path = WBBaseViewController.swift; sourceTree = "<group>"; };
		4C689BA41E63097000B679D5 /* WBTempViewController.swift */ = {isa = PBXFileReference; fileEncoding = 4; lastKnownFileType = sourcecode.swift; path = WBTempViewController.swift; sourceTree = "<group>"; };
		4C689BAC1E6DA5A400B679D5 /* VisitorView.swift */ = {isa = PBXFileReference; fileEncoding = 4; lastKnownFileType = sourcecode.swift; path = VisitorView.swift; sourceTree = "<group>"; };
		4C689CAA1E76EFB400B679D5 /* UIColor+Extension.swift */ = {isa = PBXFileReference; fileEncoding = 4; lastKnownFileType = sourcecode.swift; path = "UIColor+Extension.swift"; sourceTree = "<group>"; };
		4C689CAE1E76F63A00B679D5 /* UINavigationController+Extension.swift */ = {isa = PBXFileReference; fileEncoding = 4; lastKnownFileType = sourcecode.swift; path = "UINavigationController+Extension.swift"; sourceTree = "<group>"; };
		4C689CB01E76F6E700B679D5 /* UIViewController+Extension.swift */ = {isa = PBXFileReference; fileEncoding = 4; lastKnownFileType = sourcecode.swift; path = "UIViewController+Extension.swift"; sourceTree = "<group>"; };
		4C99DCE91E5B3C5500D9C0A0 /* WBTabBar.swift */ = {isa = PBXFileReference; fileEncoding = 4; lastKnownFileType = sourcecode.swift; path = WBTabBar.swift; sourceTree = "<group>"; };
		4C99DCED1E5B3D0500D9C0A0 /* Constant.swift */ = {isa = PBXFileReference; fileEncoding = 4; lastKnownFileType = sourcecode.swift; path = Constant.swift; sourceTree = "<group>"; };
		4CDDAC721E6278E500868E4A /* UIBarButtonItem+Extension.swift */ = {isa = PBXFileReference; fileEncoding = 4; lastKnownFileType = sourcecode.swift; path = "UIBarButtonItem+Extension.swift"; sourceTree = "<group>"; };
		4CDDAC761E627ED100868E4A /* WBVisitorViewController.swift */ = {isa = PBXFileReference; fileEncoding = 4; lastKnownFileType = sourcecode.swift; path = WBVisitorViewController.swift; sourceTree = "<group>"; };
		4CDDAC781E627F2E00868E4A /* WBVisitorView.swift */ = {isa = PBXFileReference; fileEncoding = 4; lastKnownFileType = sourcecode.swift; path = WBVisitorView.swift; sourceTree = "<group>"; };
		4CDDAC7A1E62814C00868E4A /* UIImageView+Extension.swift */ = {isa = PBXFileReference; fileEncoding = 4; lastKnownFileType = sourcecode.swift; path = "UIImageView+Extension.swift"; sourceTree = "<group>"; };
		4CDDAC7C1E6282B700868E4A /* UILabel+Extension.swift */ = {isa = PBXFileReference; fileEncoding = 4; lastKnownFileType = sourcecode.swift; path = "UILabel+Extension.swift"; sourceTree = "<group>"; };
		4CDDAC821E628B1600868E4A /* WBComposeViewController.swift */ = {isa = PBXFileReference; fileEncoding = 4; lastKnownFileType = sourcecode.swift; path = WBComposeViewController.swift; sourceTree = "<group>"; };
		637CB2ADA21B8E606826A9F7 /* Pods-JSWeiboDemo.debug.xcconfig */ = {isa = PBXFileReference; includeInIndex = 1; lastKnownFileType = text.xcconfig; name = "Pods-JSWeiboDemo.debug.xcconfig"; path = "Pods/Target Support Files/Pods-JSWeiboDemo/Pods-JSWeiboDemo.debug.xcconfig"; sourceTree = "<group>"; };
/* End PBXFileReference section */

/* Begin PBXFrameworksBuildPhase section */
		32FA84D31D5E18C600B0B698 /* Frameworks */ = {
			isa = PBXFrameworksBuildPhase;
			buildActionMask = 2147483647;
			files = (
				F9560E5FDCB91D66A3654B14 /* Pods_JSWeiboDemo.framework in Frameworks */,
			);
			runOnlyForDeploymentPostprocessing = 0;
		};
		32FA84E71D5E18C600B0B698 /* Frameworks */ = {
			isa = PBXFrameworksBuildPhase;
			buildActionMask = 2147483647;
			files = (
			);
			runOnlyForDeploymentPostprocessing = 0;
		};
		32FA84F21D5E18C600B0B698 /* Frameworks */ = {
			isa = PBXFrameworksBuildPhase;
			buildActionMask = 2147483647;
			files = (
			);
			runOnlyForDeploymentPostprocessing = 0;
		};
/* End PBXFrameworksBuildPhase section */

/* Begin PBXGroup section */
		3284F7651D5E217800F14FB3 /* Classes */ = {
			isa = PBXGroup;
			children = (
				4C689BA61E6DA4CB00B679D5 /* Visitor */,
				4CDDAC7E1E628AFE00868E4A /* Compose */,
				4C99DCEB1E5B3CE800D9C0A0 /* Public */,
				3284F7661D5E217800F14FB3 /* Discover */,
				3284F76B1D5E217800F14FB3 /* Home */,
				3284F7701D5E217800F14FB3 /* Main */,
				3284F7711D5E217800F14FB3 /* Message */,
				3284F7761D5E217800F14FB3 /* Profile */,
			);
			path = Classes;
			sourceTree = "<group>";
		};
		3284F7661D5E217800F14FB3 /* Discover */ = {
			isa = PBXGroup;
			children = (
				3284F7691D5E217800F14FB3 /* View(视图和控制器) */,
				3284F76A1D5E217800F14FB3 /* ViewModel(视图模型) */,
				3284F7671D5E217800F14FB3 /* Model(模型) */,
				3284F7681D5E217800F14FB3 /* Tools(工具) */,
			);
			path = Discover;
			sourceTree = "<group>";
		};
		3284F7671D5E217800F14FB3 /* Model(模型) */ = {
			isa = PBXGroup;
			children = (
			);
			path = "Model(模型)";
			sourceTree = "<group>";
		};
		3284F7681D5E217800F14FB3 /* Tools(工具) */ = {
			isa = PBXGroup;
			children = (
			);
			path = "Tools(工具)";
			sourceTree = "<group>";
		};
		3284F7691D5E217800F14FB3 /* View(视图和控制器) */ = {
			isa = PBXGroup;
			children = (
				3284F77B1D5E223D00F14FB3 /* DiscoverViewController.swift */,
			);
			path = "View(视图和控制器)";
			sourceTree = "<group>";
		};
		3284F76A1D5E217800F14FB3 /* ViewModel(视图模型) */ = {
			isa = PBXGroup;
			children = (
			);
			path = "ViewModel(视图模型)";
			sourceTree = "<group>";
		};
		3284F76B1D5E217800F14FB3 /* Home */ = {
			isa = PBXGroup;
			children = (
				3284F76E1D5E217800F14FB3 /* View(视图和控制器) */,
				3284F76F1D5E217800F14FB3 /* ViewModel(视图模型) */,
				3284F76C1D5E217800F14FB3 /* Model(模型) */,
				3284F76D1D5E217800F14FB3 /* Tools(工具) */,
			);
			path = Home;
			sourceTree = "<group>";
		};
		3284F76C1D5E217800F14FB3 /* Model(模型) */ = {
			isa = PBXGroup;
			children = (
			);
			path = "Model(模型)";
			sourceTree = "<group>";
		};
		3284F76D1D5E217800F14FB3 /* Tools(工具) */ = {
			isa = PBXGroup;
			children = (
			);
			path = "Tools(工具)";
			sourceTree = "<group>";
		};
		3284F76E1D5E217800F14FB3 /* View(视图和控制器) */ = {
			isa = PBXGroup;
			children = (
				3284F77D1D5E226000F14FB3 /* HomeViewController.swift */,
			);
			path = "View(视图和控制器)";
			sourceTree = "<group>";
		};
		3284F76F1D5E217800F14FB3 /* ViewModel(视图模型) */ = {
			isa = PBXGroup;
			children = (
			);
			path = "ViewModel(视图模型)";
			sourceTree = "<group>";
		};
		3284F7701D5E217800F14FB3 /* Main */ = {
			isa = PBXGroup;
			children = (
				4C99DCE81E5B3C1300D9C0A0 /* View */,
				3284F7841D5E236800F14FB3 /* Controller */,
			);
			path = Main;
			sourceTree = "<group>";
		};
		3284F7711D5E217800F14FB3 /* Message */ = {
			isa = PBXGroup;
			children = (
				3284F7741D5E217800F14FB3 /* View(视图和控制器) */,
				3284F7751D5E217800F14FB3 /* ViewModel(视图模型) */,
				3284F7721D5E217800F14FB3 /* Model(模型) */,
				3284F7731D5E217800F14FB3 /* Tools(工具) */,
			);
			path = Message;
			sourceTree = "<group>";
		};
		3284F7721D5E217800F14FB3 /* Model(模型) */ = {
			isa = PBXGroup;
			children = (
			);
			path = "Model(模型)";
			sourceTree = "<group>";
		};
		3284F7731D5E217800F14FB3 /* Tools(工具) */ = {
			isa = PBXGroup;
			children = (
			);
			path = "Tools(工具)";
			sourceTree = "<group>";
		};
		3284F7741D5E217800F14FB3 /* View(视图和控制器) */ = {
			isa = PBXGroup;
			children = (
				3284F77F1D5E227D00F14FB3 /* MessageViewController.swift */,
			);
			path = "View(视图和控制器)";
			sourceTree = "<group>";
		};
		3284F7751D5E217800F14FB3 /* ViewModel(视图模型) */ = {
			isa = PBXGroup;
			children = (
			);
			path = "ViewModel(视图模型)";
			sourceTree = "<group>";
		};
		3284F7761D5E217800F14FB3 /* Profile */ = {
			isa = PBXGroup;
			children = (
				3284F7791D5E217800F14FB3 /* View(视图和控制器) */,
				3284F77A1D5E217800F14FB3 /* ViewModel(视图模型) */,
				3284F7771D5E217800F14FB3 /* Model(模型) */,
				3284F7781D5E217800F14FB3 /* Tools(工具) */,
			);
			path = Profile;
			sourceTree = "<group>";
		};
		3284F7771D5E217800F14FB3 /* Model(模型) */ = {
			isa = PBXGroup;
			children = (
			);
			path = "Model(模型)";
			sourceTree = "<group>";
		};
		3284F7781D5E217800F14FB3 /* Tools(工具) */ = {
			isa = PBXGroup;
			children = (
			);
			path = "Tools(工具)";
			sourceTree = "<group>";
		};
		3284F7791D5E217800F14FB3 /* View(视图和控制器) */ = {
			isa = PBXGroup;
			children = (
				3284F7811D5E229500F14FB3 /* ProfileViewController.swift */,
			);
			path = "View(视图和控制器)";
			sourceTree = "<group>";
		};
		3284F77A1D5E217800F14FB3 /* ViewModel(视图模型) */ = {
			isa = PBXGroup;
			children = (
			);
			path = "ViewModel(视图模型)";
			sourceTree = "<group>";
		};
		3284F7841D5E236800F14FB3 /* Controller */ = {
			isa = PBXGroup;
			children = (
				3284F7871D5E238B00F14FB3 /* WBTabBarController.swift */,
				3284F7891D5E23A500F14FB3 /* WBNavigationController.swift */,
				4CDDAC761E627ED100868E4A /* WBVisitorViewController.swift */,
				4C689BA21E62BB2300B679D5 /* WBBaseViewController.swift */,
				4C689BA41E63097000B679D5 /* WBTempViewController.swift */,
			);
			path = Controller;
			sourceTree = "<group>";
		};
		32FA84CD1D5E18C600B0B698 = {
			isa = PBXGroup;
			children = (
				32FA84D81D5E18C600B0B698 /* JSWeiboDemo */,
				32FA84ED1D5E18C600B0B698 /* JSWeiboDemoTests */,
				32FA84F81D5E18C600B0B698 /* JSWeiboDemoUITests */,
				32FA84D71D5E18C600B0B698 /* Products */,
				4D16095955E4C32C030A9F85 /* Pods */,
				4350FCB4090A551F7DD9F457 /* Frameworks */,
			);
			sourceTree = "<group>";
		};
		32FA84D71D5E18C600B0B698 /* Products */ = {
			isa = PBXGroup;
			children = (
				32FA84D61D5E18C600B0B698 /* JSWeiboDemo.app */,
				32FA84EA1D5E18C600B0B698 /* JSWeiboDemoTests.xctest */,
				32FA84F51D5E18C600B0B698 /* JSWeiboDemoUITests.xctest */,
			);
			name = Products;
			sourceTree = "<group>";
		};
		32FA84D81D5E18C600B0B698 /* JSWeiboDemo */ = {
			isa = PBXGroup;
			children = (
				3284F7651D5E217800F14FB3 /* Classes */,
				32FA84D91D5E18C600B0B698 /* AppDelegate.swift */,
				32FA84E51D5E18C600B0B698 /* Info.plist */,
				3284F78B1D5E24E500F14FB3 /* Images.xcassets */,
			);
			path = JSWeiboDemo;
			sourceTree = "<group>";
		};
		32FA84ED1D5E18C600B0B698 /* JSWeiboDemoTests */ = {
			isa = PBXGroup;
			children = (
				32FA84EE1D5E18C600B0B698 /* JSWeiboDemoTests.swift */,
				32FA84F01D5E18C600B0B698 /* Info.plist */,
			);
			path = JSWeiboDemoTests;
			sourceTree = "<group>";
		};
		32FA84F81D5E18C600B0B698 /* JSWeiboDemoUITests */ = {
			isa = PBXGroup;
			children = (
				32FA84F91D5E18C600B0B698 /* JSWeiboDemoUITests.swift */,
				32FA84FB1D5E18C600B0B698 /* Info.plist */,
			);
			path = JSWeiboDemoUITests;
			sourceTree = "<group>";
		};
		4350FCB4090A551F7DD9F457 /* Frameworks */ = {
			isa = PBXGroup;
			children = (
				04A3BA8CD604002EE3246FDF /* Pods_JSWeiboDemo.framework */,
			);
			name = Frameworks;
			sourceTree = "<group>";
		};
		4C689BA61E6DA4CB00B679D5 /* Visitor */ = {
			isa = PBXGroup;
			children = (
				4C689BA71E6DA4CB00B679D5 /* View(视图和控制器) */,
			);
			path = Visitor;
			sourceTree = "<group>";
		};
		4C689BA71E6DA4CB00B679D5 /* View(视图和控制器) */ = {
			isa = PBXGroup;
			children = (
				4C689BAC1E6DA5A400B679D5 /* VisitorView.swift */,
			);
			path = "View(视图和控制器)";
			sourceTree = "<group>";
		};
		4C99DCE81E5B3C1300D9C0A0 /* View */ = {
			isa = PBXGroup;
			children = (
				4C99DCE91E5B3C5500D9C0A0 /* WBTabBar.swift */,
				4CDDAC781E627F2E00868E4A /* WBVisitorView.swift */,
			);
			path = View;
			sourceTree = "<group>";
		};
		4C99DCEB1E5B3CE800D9C0A0 /* Public */ = {
			isa = PBXGroup;
			children = (
				4CF938CE1E5DE1F8009EB150 /* Extension */,
				4C99DCEC1E5B3CF800D9C0A0 /* Constant */,
			);
			path = Public;
			sourceTree = "<group>";
		};
		4C99DCEC1E5B3CF800D9C0A0 /* Constant */ = {
			isa = PBXGroup;
			children = (
				4C99DCED1E5B3D0500D9C0A0 /* Constant.swift */,
			);
			path = Constant;
			sourceTree = "<group>";
		};
		4CDDAC7E1E628AFE00868E4A /* Compose */ = {
			isa = PBXGroup;
			children = (
				4CDDAC7F1E628AFE00868E4A /* View(视图和控制器) */,
			);
			path = Compose;
			sourceTree = "<group>";
		};
		4CDDAC7F1E628AFE00868E4A /* View(视图和控制器) */ = {
			isa = PBXGroup;
			children = (
				4CDDAC821E628B1600868E4A /* WBComposeViewController.swift */,
			);
			path = "View(视图和控制器)";
			sourceTree = "<group>";
		};
		4CF938CE1E5DE1F8009EB150 /* Extension */ = {
			isa = PBXGroup;
			children = (
				4CDDAC721E6278E500868E4A /* UIBarButtonItem+Extension.swift */,
				4CDDAC7A1E62814C00868E4A /* UIImageView+Extension.swift */,
				4CDDAC7C1E6282B700868E4A /* UILabel+Extension.swift */,
				4C689CAA1E76EFB400B679D5 /* UIColor+Extension.swift */,
				4C689CAE1E76F63A00B679D5 /* UINavigationController+Extension.swift */,
				4C689CB01E76F6E700B679D5 /* UIViewController+Extension.swift */,
			);
			path = Extension;
			sourceTree = "<group>";
		};
		4D16095955E4C32C030A9F85 /* Pods */ = {
			isa = PBXGroup;
			children = (
				637CB2ADA21B8E606826A9F7 /* Pods-JSWeiboDemo.debug.xcconfig */,
				06440F5939C8F6D425677BF0 /* Pods-JSWeiboDemo.release.xcconfig */,
			);
			name = Pods;
			sourceTree = "<group>";
		};
/* End PBXGroup section */

/* Begin PBXNativeTarget section */
		32FA84D51D5E18C600B0B698 /* JSWeiboDemo */ = {
			isa = PBXNativeTarget;
			buildConfigurationList = 32FA84FE1D5E18C600B0B698 /* Build configuration list for PBXNativeTarget "JSWeiboDemo" */;
			buildPhases = (
				0278C6A2D6EF7011BA205320 /* [CP] Check Pods Manifest.lock */,
				32FA84D21D5E18C600B0B698 /* Sources */,
				32FA84D31D5E18C600B0B698 /* Frameworks */,
				32FA84D41D5E18C600B0B698 /* Resources */,
				308E653FFFF62357E002657C /* [CP] Embed Pods Frameworks */,
				C29C77D143DE9DD694C2290B /* [CP] Copy Pods Resources */,
			);
			buildRules = (
			);
			dependencies = (
			);
			name = JSWeiboDemo;
			productName = JSWeiboDemo;
			productReference = 32FA84D61D5E18C600B0B698 /* JSWeiboDemo.app */;
			productType = "com.apple.product-type.application";
		};
		32FA84E91D5E18C600B0B698 /* JSWeiboDemoTests */ = {
			isa = PBXNativeTarget;
			buildConfigurationList = 32FA85011D5E18C600B0B698 /* Build configuration list for PBXNativeTarget "JSWeiboDemoTests" */;
			buildPhases = (
				32FA84E61D5E18C600B0B698 /* Sources */,
				32FA84E71D5E18C600B0B698 /* Frameworks */,
				32FA84E81D5E18C600B0B698 /* Resources */,
			);
			buildRules = (
			);
			dependencies = (
				32FA84EC1D5E18C600B0B698 /* PBXTargetDependency */,
			);
			name = JSWeiboDemoTests;
			productName = JSWeiboDemoTests;
			productReference = 32FA84EA1D5E18C600B0B698 /* JSWeiboDemoTests.xctest */;
			productType = "com.apple.product-type.bundle.unit-test";
		};
		32FA84F41D5E18C600B0B698 /* JSWeiboDemoUITests */ = {
			isa = PBXNativeTarget;
			buildConfigurationList = 32FA85041D5E18C600B0B698 /* Build configuration list for PBXNativeTarget "JSWeiboDemoUITests" */;
			buildPhases = (
				32FA84F11D5E18C600B0B698 /* Sources */,
				32FA84F21D5E18C600B0B698 /* Frameworks */,
				32FA84F31D5E18C600B0B698 /* Resources */,
			);
			buildRules = (
			);
			dependencies = (
				32FA84F71D5E18C600B0B698 /* PBXTargetDependency */,
			);
			name = JSWeiboDemoUITests;
			productName = JSWeiboDemoUITests;
			productReference = 32FA84F51D5E18C600B0B698 /* JSWeiboDemoUITests.xctest */;
			productType = "com.apple.product-type.bundle.ui-testing";
		};
/* End PBXNativeTarget section */

/* Begin PBXProject section */
		32FA84CE1D5E18C600B0B698 /* Project object */ = {
			isa = PBXProject;
			attributes = {
				LastSwiftUpdateCheck = 0730;
				LastUpgradeCheck = 0730;
				ORGANIZATIONNAME = com.51fanxing;
				TargetAttributes = {
					32FA84D51D5E18C600B0B698 = {
						CreatedOnToolsVersion = 7.3.1;
						LastSwiftMigration = 0820;
					};
					32FA84E91D5E18C600B0B698 = {
						CreatedOnToolsVersion = 7.3.1;
						LastSwiftMigration = 0820;
						TestTargetID = 32FA84D51D5E18C600B0B698;
					};
					32FA84F41D5E18C600B0B698 = {
						CreatedOnToolsVersion = 7.3.1;
						LastSwiftMigration = 0820;
						TestTargetID = 32FA84D51D5E18C600B0B698;
					};
				};
			};
			buildConfigurationList = 32FA84D11D5E18C600B0B698 /* Build configuration list for PBXProject "JSWeiboDemo" */;
			compatibilityVersion = "Xcode 3.2";
			developmentRegion = English;
			hasScannedForEncodings = 0;
			knownRegions = (
				en,
				Base,
			);
			mainGroup = 32FA84CD1D5E18C600B0B698;
			productRefGroup = 32FA84D71D5E18C600B0B698 /* Products */;
			projectDirPath = "";
			projectRoot = "";
			targets = (
				32FA84D51D5E18C600B0B698 /* JSWeiboDemo */,
				32FA84E91D5E18C600B0B698 /* JSWeiboDemoTests */,
				32FA84F41D5E18C600B0B698 /* JSWeiboDemoUITests */,
			);
		};
/* End PBXProject section */

/* Begin PBXResourcesBuildPhase section */
		32FA84D41D5E18C600B0B698 /* Resources */ = {
			isa = PBXResourcesBuildPhase;
			buildActionMask = 2147483647;
			files = (
				3284F78C1D5E24E500F14FB3 /* Images.xcassets in Resources */,
			);
			runOnlyForDeploymentPostprocessing = 0;
		};
		32FA84E81D5E18C600B0B698 /* Resources */ = {
			isa = PBXResourcesBuildPhase;
			buildActionMask = 2147483647;
			files = (
			);
			runOnlyForDeploymentPostprocessing = 0;
		};
		32FA84F31D5E18C600B0B698 /* Resources */ = {
			isa = PBXResourcesBuildPhase;
			buildActionMask = 2147483647;
			files = (
			);
			runOnlyForDeploymentPostprocessing = 0;
		};
/* End PBXResourcesBuildPhase section */

/* Begin PBXShellScriptBuildPhase section */
		0278C6A2D6EF7011BA205320 /* [CP] Check Pods Manifest.lock */ = {
			isa = PBXShellScriptBuildPhase;
			buildActionMask = 2147483647;
			files = (
			);
			inputPaths = (
			);
			name = "[CP] Check Pods Manifest.lock";
			outputPaths = (
			);
			runOnlyForDeploymentPostprocessing = 0;
			shellPath = /bin/sh;
			shellScript = "diff \"${PODS_ROOT}/../Podfile.lock\" \"${PODS_ROOT}/Manifest.lock\" > /dev/null\nif [ $? != 0 ] ; then\n    # print error to STDERR\n    echo \"error: The sandbox is not in sync with the Podfile.lock. Run 'pod install' or update your CocoaPods installation.\" >&2\n    exit 1\nfi\n";
			showEnvVarsInLog = 0;
		};
		308E653FFFF62357E002657C /* [CP] Embed Pods Frameworks */ = {
			isa = PBXShellScriptBuildPhase;
			buildActionMask = 2147483647;
			files = (
			);
			inputPaths = (
			);
			name = "[CP] Embed Pods Frameworks";
			outputPaths = (
			);
			runOnlyForDeploymentPostprocessing = 0;
			shellPath = /bin/sh;
			shellScript = "\"${SRCROOT}/Pods/Target Support Files/Pods-JSWeiboDemo/Pods-JSWeiboDemo-frameworks.sh\"\n";
			showEnvVarsInLog = 0;
		};
		C29C77D143DE9DD694C2290B /* [CP] Copy Pods Resources */ = {
			isa = PBXShellScriptBuildPhase;
			buildActionMask = 2147483647;
			files = (
			);
			inputPaths = (
			);
			name = "[CP] Copy Pods Resources";
			outputPaths = (
			);
			runOnlyForDeploymentPostprocessing = 0;
			shellPath = /bin/sh;
			shellScript = "\"${SRCROOT}/Pods/Target Support Files/Pods-JSWeiboDemo/Pods-JSWeiboDemo-resources.sh\"\n";
			showEnvVarsInLog = 0;
		};
/* End PBXShellScriptBuildPhase section */

/* Begin PBXSourcesBuildPhase section */
		32FA84D21D5E18C600B0B698 /* Sources */ = {
			isa = PBXSourcesBuildPhase;
			buildActionMask = 2147483647;
			files = (
				4C689BA51E63097000B679D5 /* WBTempViewController.swift in Sources */,
				4C689CAB1E76EFB400B679D5 /* UIColor+Extension.swift in Sources */,
				32FA84DA1D5E18C600B0B698 /* AppDelegate.swift in Sources */,
				3284F77C1D5E223D00F14FB3 /* DiscoverViewController.swift in Sources */,
				4CDDAC7B1E62814C00868E4A /* UIImageView+Extension.swift in Sources */,
				4CDDAC791E627F2E00868E4A /* WBVisitorView.swift in Sources */,
				4CDDAC731E6278E500868E4A /* UIBarButtonItem+Extension.swift in Sources */,
				4CDDAC831E628B1600868E4A /* WBComposeViewController.swift in Sources */,
				4C99DCEE1E5B3D0500D9C0A0 /* Constant.swift in Sources */,
				3284F7881D5E238B00F14FB3 /* WBTabBarController.swift in Sources */,
				4C689CAF1E76F63A00B679D5 /* UINavigationController+Extension.swift in Sources */,
				4C689BA31E62BB2300B679D5 /* WBBaseViewController.swift in Sources */,
				3284F78A1D5E23A500F14FB3 /* WBNavigationController.swift in Sources */,
				3284F7821D5E229500F14FB3 /* ProfileViewController.swift in Sources */,
				3284F7801D5E227D00F14FB3 /* MessageViewController.swift in Sources */,
				4CDDAC7D1E6282B700868E4A /* UILabel+Extension.swift in Sources */,
				4CDDAC771E627ED100868E4A /* WBVisitorViewController.swift in Sources */,
				4C99DCEA1E5B3C5500D9C0A0 /* WBTabBar.swift in Sources */,
				4C689CB11E76F6E800B679D5 /* UIViewController+Extension.swift in Sources */,
				4C689BAD1E6DA5A400B679D5 /* VisitorView.swift in Sources */,
				3284F77E1D5E226000F14FB3 /* HomeViewController.swift in Sources */,
			);
			runOnlyForDeploymentPostprocessing = 0;
		};
		32FA84E61D5E18C600B0B698 /* Sources */ = {
			isa = PBXSourcesBuildPhase;
			buildActionMask = 2147483647;
			files = (
				32FA84EF1D5E18C600B0B698 /* JSWeiboDemoTests.swift in Sources */,
			);
			runOnlyForDeploymentPostprocessing = 0;
		};
		32FA84F11D5E18C600B0B698 /* Sources */ = {
			isa = PBXSourcesBuildPhase;
			buildActionMask = 2147483647;
			files = (
				32FA84FA1D5E18C600B0B698 /* JSWeiboDemoUITests.swift in Sources */,
			);
			runOnlyForDeploymentPostprocessing = 0;
		};
/* End PBXSourcesBuildPhase section */

/* Begin PBXTargetDependency section */
		32FA84EC1D5E18C600B0B698 /* PBXTargetDependency */ = {
			isa = PBXTargetDependency;
			target = 32FA84D51D5E18C600B0B698 /* JSWeiboDemo */;
			targetProxy = 32FA84EB1D5E18C600B0B698 /* PBXContainerItemProxy */;
		};
		32FA84F71D5E18C600B0B698 /* PBXTargetDependency */ = {
			isa = PBXTargetDependency;
			target = 32FA84D51D5E18C600B0B698 /* JSWeiboDemo */;
			targetProxy = 32FA84F61D5E18C600B0B698 /* PBXContainerItemProxy */;
		};
/* End PBXTargetDependency section */

/* Begin XCBuildConfiguration section */
		32FA84FC1D5E18C600B0B698 /* Debug */ = {
			isa = XCBuildConfiguration;
			buildSettings = {
				ALWAYS_SEARCH_USER_PATHS = NO;
				CLANG_ANALYZER_NONNULL = YES;
				CLANG_CXX_LANGUAGE_STANDARD = "gnu++0x";
				CLANG_CXX_LIBRARY = "libc++";
				CLANG_ENABLE_MODULES = YES;
				CLANG_ENABLE_OBJC_ARC = YES;
				CLANG_WARN_BOOL_CONVERSION = YES;
				CLANG_WARN_CONSTANT_CONVERSION = YES;
				CLANG_WARN_DIRECT_OBJC_ISA_USAGE = YES_ERROR;
				CLANG_WARN_EMPTY_BODY = YES;
				CLANG_WARN_ENUM_CONVERSION = YES;
				CLANG_WARN_INT_CONVERSION = YES;
				CLANG_WARN_OBJC_ROOT_CLASS = YES_ERROR;
				CLANG_WARN_UNREACHABLE_CODE = YES;
				CLANG_WARN__DUPLICATE_METHOD_MATCH = YES;
				"CODE_SIGN_IDENTITY[sdk=iphoneos*]" = "iPhone Developer";
				COPY_PHASE_STRIP = NO;
				DEBUG_INFORMATION_FORMAT = dwarf;
				ENABLE_STRICT_OBJC_MSGSEND = YES;
				ENABLE_TESTABILITY = YES;
				GCC_C_LANGUAGE_STANDARD = gnu99;
				GCC_DYNAMIC_NO_PIC = NO;
				GCC_NO_COMMON_BLOCKS = YES;
				GCC_OPTIMIZATION_LEVEL = 0;
				GCC_PREPROCESSOR_DEFINITIONS = (
					"DEBUG=1",
					"$(inherited)",
				);
				GCC_WARN_64_TO_32_BIT_CONVERSION = YES;
				GCC_WARN_ABOUT_RETURN_TYPE = YES_ERROR;
				GCC_WARN_UNDECLARED_SELECTOR = YES;
				GCC_WARN_UNINITIALIZED_AUTOS = YES_AGGRESSIVE;
				GCC_WARN_UNUSED_FUNCTION = YES;
				GCC_WARN_UNUSED_VARIABLE = YES;
				IPHONEOS_DEPLOYMENT_TARGET = 9.3;
				MTL_ENABLE_DEBUG_INFO = YES;
				ONLY_ACTIVE_ARCH = YES;
				SDKROOT = iphoneos;
				SWIFT_OPTIMIZATION_LEVEL = "-Onone";
				TARGETED_DEVICE_FAMILY = "1,2";
			};
			name = Debug;
		};
		32FA84FD1D5E18C600B0B698 /* Release */ = {
			isa = XCBuildConfiguration;
			buildSettings = {
				ALWAYS_SEARCH_USER_PATHS = NO;
				CLANG_ANALYZER_NONNULL = YES;
				CLANG_CXX_LANGUAGE_STANDARD = "gnu++0x";
				CLANG_CXX_LIBRARY = "libc++";
				CLANG_ENABLE_MODULES = YES;
				CLANG_ENABLE_OBJC_ARC = YES;
				CLANG_WARN_BOOL_CONVERSION = YES;
				CLANG_WARN_CONSTANT_CONVERSION = YES;
				CLANG_WARN_DIRECT_OBJC_ISA_USAGE = YES_ERROR;
				CLANG_WARN_EMPTY_BODY = YES;
				CLANG_WARN_ENUM_CONVERSION = YES;
				CLANG_WARN_INT_CONVERSION = YES;
				CLANG_WARN_OBJC_ROOT_CLASS = YES_ERROR;
				CLANG_WARN_UNREACHABLE_CODE = YES;
				CLANG_WARN__DUPLICATE_METHOD_MATCH = YES;
				"CODE_SIGN_IDENTITY[sdk=iphoneos*]" = "iPhone Developer";
				COPY_PHASE_STRIP = NO;
				DEBUG_INFORMATION_FORMAT = "dwarf-with-dsym";
				ENABLE_NS_ASSERTIONS = NO;
				ENABLE_STRICT_OBJC_MSGSEND = YES;
				GCC_C_LANGUAGE_STANDARD = gnu99;
				GCC_NO_COMMON_BLOCKS = YES;
				GCC_WARN_64_TO_32_BIT_CONVERSION = YES;
				GCC_WARN_ABOUT_RETURN_TYPE = YES_ERROR;
				GCC_WARN_UNDECLARED_SELECTOR = YES;
				GCC_WARN_UNINITIALIZED_AUTOS = YES_AGGRESSIVE;
				GCC_WARN_UNUSED_FUNCTION = YES;
				GCC_WARN_UNUSED_VARIABLE = YES;
				IPHONEOS_DEPLOYMENT_TARGET = 9.3;
				MTL_ENABLE_DEBUG_INFO = NO;
				SDKROOT = iphoneos;
				TARGETED_DEVICE_FAMILY = "1,2";
				VALIDATE_PRODUCT = YES;
			};
			name = Release;
		};
		32FA84FF1D5E18C600B0B698 /* Debug */ = {
			isa = XCBuildConfiguration;
			baseConfigurationReference = 637CB2ADA21B8E606826A9F7 /* Pods-JSWeiboDemo.debug.xcconfig */;
			buildSettings = {
				ASSETCATALOG_COMPILER_APPICON_NAME = AppIcon;
				ASSETCATALOG_COMPILER_LAUNCHIMAGE_NAME = LaunchImage;
				CLANG_ENABLE_MODULES = YES;
				CODE_SIGN_IDENTITY = "iPhone Developer";
				INFOPLIST_FILE = JSWeiboDemo/Info.plist;
				IPHONEOS_DEPLOYMENT_TARGET = 9.0;
				LD_RUNPATH_SEARCH_PATHS = "$(inherited) @executable_path/Frameworks";
				PRODUCT_BUNDLE_IDENTIFIER = com.51fanxing.JSWeiboDemo;
				PRODUCT_NAME = "$(TARGET_NAME)";
				SWIFT_OPTIMIZATION_LEVEL = "-Onone";
				SWIFT_VERSION = 3.0;
				TARGETED_DEVICE_FAMILY = 1;
			};
			name = Debug;
		};
		32FA85001D5E18C600B0B698 /* Release */ = {
			isa = XCBuildConfiguration;
			baseConfigurationReference = 06440F5939C8F6D425677BF0 /* Pods-JSWeiboDemo.release.xcconfig */;
			buildSettings = {
				ASSETCATALOG_COMPILER_APPICON_NAME = AppIcon;
				ASSETCATALOG_COMPILER_LAUNCHIMAGE_NAME = LaunchImage;
				CLANG_ENABLE_MODULES = YES;
				CODE_SIGN_IDENTITY = "iPhone Developer";
				INFOPLIST_FILE = JSWeiboDemo/Info.plist;
				IPHONEOS_DEPLOYMENT_TARGET = 9.0;
				LD_RUNPATH_SEARCH_PATHS = "$(inherited) @executable_path/Frameworks";
				PRODUCT_BUNDLE_IDENTIFIER = com.51fanxing.JSWeiboDemo;
				PRODUCT_NAME = "$(TARGET_NAME)";
				SWIFT_VERSION = 3.0;
				TARGETED_DEVICE_FAMILY = 1;
			};
			name = Release;
		};
		32FA85021D5E18C600B0B698 /* Debug */ = {
			isa = XCBuildConfiguration;
			buildSettings = {
				BUNDLE_LOADER = "$(TEST_HOST)";
				INFOPLIST_FILE = JSWeiboDemoTests/Info.plist;
				LD_RUNPATH_SEARCH_PATHS = "$(inherited) @executable_path/Frameworks @loader_path/Frameworks";
				PRODUCT_BUNDLE_IDENTIFIER = com.51fanxing.JSWeiboDemoTests;
				PRODUCT_NAME = "$(TARGET_NAME)";
				SWIFT_VERSION = 3.0;
				TEST_HOST = "$(BUILT_PRODUCTS_DIR)/JSWeiboDemo.app/JSWeiboDemo";
			};
			name = Debug;
		};
		32FA85031D5E18C600B0B698 /* Release */ = {
			isa = XCBuildConfiguration;
			buildSettings = {
				BUNDLE_LOADER = "$(TEST_HOST)";
				INFOPLIST_FILE = JSWeiboDemoTests/Info.plist;
				LD_RUNPATH_SEARCH_PATHS = "$(inherited) @executable_path/Frameworks @loader_path/Frameworks";
				PRODUCT_BUNDLE_IDENTIFIER = com.51fanxing.JSWeiboDemoTests;
				PRODUCT_NAME = "$(TARGET_NAME)";
				SWIFT_VERSION = 3.0;
				TEST_HOST = "$(BUILT_PRODUCTS_DIR)/JSWeiboDemo.app/JSWeiboDemo";
			};
			name = Release;
		};
		32FA85051D5E18C600B0B698 /* Debug */ = {
			isa = XCBuildConfiguration;
			buildSettings = {
				INFOPLIST_FILE = JSWeiboDemoUITests/Info.plist;
				LD_RUNPATH_SEARCH_PATHS = "$(inherited) @executable_path/Frameworks @loader_path/Frameworks";
				PRODUCT_BUNDLE_IDENTIFIER = com.51fanxing.JSWeiboDemoUITests;
				PRODUCT_NAME = "$(TARGET_NAME)";
				SWIFT_VERSION = 3.0;
				TEST_TARGET_NAME = JSWeiboDemo;
			};
			name = Debug;
		};
		32FA85061D5E18C600B0B698 /* Release */ = {
			isa = XCBuildConfiguration;
			buildSettings = {
				INFOPLIST_FILE = JSWeiboDemoUITests/Info.plist;
				LD_RUNPATH_SEARCH_PATHS = "$(inherited) @executable_path/Frameworks @loader_path/Frameworks";
				PRODUCT_BUNDLE_IDENTIFIER = com.51fanxing.JSWeiboDemoUITests;
				PRODUCT_NAME = "$(TARGET_NAME)";
				SWIFT_VERSION = 3.0;
				TEST_TARGET_NAME = JSWeiboDemo;
			};
			name = Release;
		};
/* End XCBuildConfiguration section */

/* Begin XCConfigurationList section */
		32FA84D11D5E18C600B0B698 /* Build configuration list for PBXProject "JSWeiboDemo" */ = {
			isa = XCConfigurationList;
			buildConfigurations = (
				32FA84FC1D5E18C600B0B698 /* Debug */,
				32FA84FD1D5E18C600B0B698 /* Release */,
			);
			defaultConfigurationIsVisible = 0;
			defaultConfigurationName = Release;
		};
		32FA84FE1D5E18C600B0B698 /* Build configuration list for PBXNativeTarget "JSWeiboDemo" */ = {
			isa = XCConfigurationList;
			buildConfigurations = (
				32FA84FF1D5E18C600B0B698 /* Debug */,
				32FA85001D5E18C600B0B698 /* Release */,
			);
			defaultConfigurationIsVisible = 0;
			defaultConfigurationName = Release;
		};
		32FA85011D5E18C600B0B698 /* Build configuration list for PBXNativeTarget "JSWeiboDemoTests" */ = {
			isa = XCConfigurationList;
			buildConfigurations = (
				32FA85021D5E18C600B0B698 /* Debug */,
				32FA85031D5E18C600B0B698 /* Release */,
			);
			defaultConfigurationIsVisible = 0;
			defaultConfigurationName = Release;
		};
		32FA85041D5E18C600B0B698 /* Build configuration list for PBXNativeTarget "JSWeiboDemoUITests" */ = {
			isa = XCConfigurationList;
			buildConfigurations = (
				32FA85051D5E18C600B0B698 /* Debug */,
				32FA85061D5E18C600B0B698 /* Release */,
			);
			defaultConfigurationIsVisible = 0;
			defaultConfigurationName = Release;
		};
/* End XCConfigurationList section */
	};
	rootObject = 32FA84CE1D5E18C600B0B698 /* Project object */;
}
