// !$*UTF8*$!
{
	archiveVersion = 1;
	classes = {
	};
	objectVersion = 50;
	objects = {

/* Begin PBXBuildFile section */
		4C03CE1521FE9B1300EE7FBF /* AppDelegate.swift in Sources */ = {isa = PBXBuildFile; fileRef = 4C03CE1421FE9B1300EE7FBF /* AppDelegate.swift */; };
		4C03CE1A21FE9B1300EE7FBF /* Main.storyboard in Resources */ = {isa = PBXBuildFile; fileRef = 4C03CE1821FE9B1300EE7FBF /* Main.storyboard */; };
		4C03CE1C21FE9B1600EE7FBF /* Assets.xcassets in Resources */ = {isa = PBXBuildFile; fileRef = 4C03CE1B21FE9B1600EE7FBF /* Assets.xcassets */; };
		4C03CE1F21FE9B1600EE7FBF /* LaunchScreen.storyboard in Resources */ = {isa = PBXBuildFile; fileRef = 4C03CE1D21FE9B1600EE7FBF /* LaunchScreen.storyboard */; };
		4C03CE2921FEA13900EE7FBF /* AppDelegate+3DTouch.swift in Sources */ = {isa = PBXBuildFile; fileRef = 4C03CE2821FEA13800EE7FBF /* AppDelegate+3DTouch.swift */; };
		4C03CE5D21FEA15100EE7FBF /* HomeViewController.swift in Sources */ = {isa = PBXBuildFile; fileRef = 4C03CE2D21FEA15000EE7FBF /* HomeViewController.swift */; };
		4C03CE5E21FEA15100EE7FBF /* DiscoverViewController.swift in Sources */ = {isa = PBXBuildFile; fileRef = 4C03CE3021FEA15000EE7FBF /* DiscoverViewController.swift */; };
		4C03CE5F21FEA15100EE7FBF /* WBComposeViewController.swift in Sources */ = {isa = PBXBuildFile; fileRef = 4C03CE3321FEA15100EE7FBF /* WBComposeViewController.swift */; };
		4C03CE6021FEA15100EE7FBF /* MessageViewController.swift in Sources */ = {isa = PBXBuildFile; fileRef = 4C03CE3621FEA15100EE7FBF /* MessageViewController.swift */; };
		4C03CE6121FEA15100EE7FBF /* UIImageView+Extension.swift in Sources */ = {isa = PBXBuildFile; fileRef = 4C03CE3921FEA15100EE7FBF /* UIImageView+Extension.swift */; };
		4C03CE6221FEA15100EE7FBF /* UIColor+Extension.swift in Sources */ = {isa = PBXBuildFile; fileRef = 4C03CE3A21FEA15100EE7FBF /* UIColor+Extension.swift */; };
		4C03CE6321FEA15100EE7FBF /* UILabel+Extension.swift in Sources */ = {isa = PBXBuildFile; fileRef = 4C03CE3B21FEA15100EE7FBF /* UILabel+Extension.swift */; };
		4C03CE6421FEA15100EE7FBF /* UIButton+Extension.swift in Sources */ = {isa = PBXBuildFile; fileRef = 4C03CE3C21FEA15100EE7FBF /* UIButton+Extension.swift */; };
		4C03CE6521FEA15100EE7FBF /* UINavigationController+Extension.swift in Sources */ = {isa = PBXBuildFile; fileRef = 4C03CE3D21FEA15100EE7FBF /* UINavigationController+Extension.swift */; };
		4C03CE6621FEA15100EE7FBF /* UIViewController+Extension.swift in Sources */ = {isa = PBXBuildFile; fileRef = 4C03CE3E21FEA15100EE7FBF /* UIViewController+Extension.swift */; };
		4C03CE6721FEA15100EE7FBF /* UIBarButtonItem+Extension.swift in Sources */ = {isa = PBXBuildFile; fileRef = 4C03CE3F21FEA15100EE7FBF /* UIBarButtonItem+Extension.swift */; };
		4C03CE6821FEA15100EE7FBF /* Constant.swift in Sources */ = {isa = PBXBuildFile; fileRef = 4C03CE4121FEA15100EE7FBF /* Constant.swift */; };
		4C03CE6921FEA15100EE7FBF /* SettingViewController.swift in Sources */ = {isa = PBXBuildFile; fileRef = 4C03CE4421FEA15100EE7FBF /* SettingViewController.swift */; };
		4C03CE6A21FEA15100EE7FBF /* PersonCenterViewController.swift in Sources */ = {isa = PBXBuildFile; fileRef = 4C03CE4521FEA15100EE7FBF /* PersonCenterViewController.swift */; };
		4C03CE6B21FEA15100EE7FBF /* AddFriendsViewController.swift in Sources */ = {isa = PBXBuildFile; fileRef = 4C03CE4621FEA15100EE7FBF /* AddFriendsViewController.swift */; };
		4C03CE6C21FEA15100EE7FBF /* ProfileViewController.swift in Sources */ = {isa = PBXBuildFile; fileRef = 4C03CE4721FEA15100EE7FBF /* ProfileViewController.swift */; };
		4C03CE6D21FEA15100EE7FBF /* ProfileModel.swift in Sources */ = {isa = PBXBuildFile; fileRef = 4C03CE4921FEA15100EE7FBF /* ProfileModel.swift */; };
		4C03CE6E21FEA15100EE7FBF /* ProfileViewCell.swift in Sources */ = {isa = PBXBuildFile; fileRef = 4C03CE4B21FEA15100EE7FBF /* ProfileViewCell.swift */; };
		4C03CE6F21FEA15100EE7FBF /* ProfileHeadViewCell.swift in Sources */ = {isa = PBXBuildFile; fileRef = 4C03CE4C21FEA15100EE7FBF /* ProfileHeadViewCell.swift */; };
		4C03CE7021FEA15100EE7FBF /* ProfileHeadItemView.swift in Sources */ = {isa = PBXBuildFile; fileRef = 4C03CE4D21FEA15100EE7FBF /* ProfileHeadItemView.swift */; };
		4C03CE7121FEA15100EE7FBF /* AddFriendsStyle2TableViewCell.swift in Sources */ = {isa = PBXBuildFile; fileRef = 4C03CE4E21FEA15100EE7FBF /* AddFriendsStyle2TableViewCell.swift */; };
		4C03CE7221FEA15100EE7FBF /* AddFriendsStyle1ViewCell.swift in Sources */ = {isa = PBXBuildFile; fileRef = 4C03CE4F21FEA15100EE7FBF /* AddFriendsStyle1ViewCell.swift */; };
		4C03CE7321FEA15100EE7FBF /* VisitorView.swift in Sources */ = {isa = PBXBuildFile; fileRef = 4C03CE5221FEA15100EE7FBF /* VisitorView.swift */; };
		4C03CE7421FEA15100EE7FBF /* WBVisitorViewController.swift in Sources */ = {isa = PBXBuildFile; fileRef = 4C03CE5521FEA15100EE7FBF /* WBVisitorViewController.swift */; };
		4C03CE7521FEA15100EE7FBF /* WBBaseViewController.swift in Sources */ = {isa = PBXBuildFile; fileRef = 4C03CE5621FEA15100EE7FBF /* WBBaseViewController.swift */; };
		4C03CE7621FEA15100EE7FBF /* WBNavigationController.swift in Sources */ = {isa = PBXBuildFile; fileRef = 4C03CE5721FEA15100EE7FBF /* WBNavigationController.swift */; };
		4C03CE7721FEA15100EE7FBF /* WBTabBarController.swift in Sources */ = {isa = PBXBuildFile; fileRef = 4C03CE5821FEA15100EE7FBF /* WBTabBarController.swift */; };
		4C03CE7821FEA15100EE7FBF /* WBTempViewController.swift in Sources */ = {isa = PBXBuildFile; fileRef = 4C03CE5921FEA15100EE7FBF /* WBTempViewController.swift */; };
		4C03CE7921FEA15100EE7FBF /* WBTabBar.swift in Sources */ = {isa = PBXBuildFile; fileRef = 4C03CE5B21FEA15100EE7FBF /* WBTabBar.swift */; };
		4C03CE7A21FEA15100EE7FBF /* WBVisitorView.swift in Sources */ = {isa = PBXBuildFile; fileRef = 4C03CE5C21FEA15100EE7FBF /* WBVisitorView.swift */; };
		4C03CE7C21FEDB1C00EE7FBF /* DispatchQueue+Extension.swift in Sources */ = {isa = PBXBuildFile; fileRef = 4C03CE7B21FEDB1B00EE7FBF /* DispatchQueue+Extension.swift */; };
		5B381703C8EA6936851EE49D /* Pods_Weibo.framework in Frameworks */ = {isa = PBXBuildFile; fileRef = 3DFB439CA48AE4AE66DF0947 /* Pods_Weibo.framework */; };
/* End PBXBuildFile section */

/* Begin PBXFileReference section */
		3DFB439CA48AE4AE66DF0947 /* Pods_Weibo.framework */ = {isa = PBXFileReference; explicitFileType = wrapper.framework; includeInIndex = 0; path = Pods_Weibo.framework; sourceTree = BUILT_PRODUCTS_DIR; };
		4C03CE1121FE9B1300EE7FBF /* Weibo.app */ = {isa = PBXFileReference; explicitFileType = wrapper.application; includeInIndex = 0; path = Weibo.app; sourceTree = BUILT_PRODUCTS_DIR; };
		4C03CE1421FE9B1300EE7FBF /* AppDelegate.swift */ = {isa = PBXFileReference; lastKnownFileType = sourcecode.swift; path = AppDelegate.swift; sourceTree = "<group>"; };
		4C03CE1921FE9B1300EE7FBF /* Base */ = {isa = PBXFileReference; lastKnownFileType = file.storyboard; name = Base; path = Base.lproj/Main.storyboard; sourceTree = "<group>"; };
		4C03CE1B21FE9B1600EE7FBF /* Assets.xcassets */ = {isa = PBXFileReference; lastKnownFileType = folder.assetcatalog; path = Assets.xcassets; sourceTree = "<group>"; };
		4C03CE1E21FE9B1600EE7FBF /* Base */ = {isa = PBXFileReference; lastKnownFileType = file.storyboard; name = Base; path = Base.lproj/LaunchScreen.storyboard; sourceTree = "<group>"; };
		4C03CE2021FE9B1600EE7FBF /* Info.plist */ = {isa = PBXFileReference; lastKnownFileType = text.plist.xml; path = Info.plist; sourceTree = "<group>"; };
		4C03CE2821FEA13800EE7FBF /* AppDelegate+3DTouch.swift */ = {isa = PBXFileReference; fileEncoding = 4; lastKnownFileType = sourcecode.swift; path = "AppDelegate+3DTouch.swift"; sourceTree = "<group>"; };
		4C03CE2D21FEA15000EE7FBF /* HomeViewController.swift */ = {isa = PBXFileReference; fileEncoding = 4; lastKnownFileType = sourcecode.swift; path = HomeViewController.swift; sourceTree = "<group>"; };
		4C03CE3021FEA15000EE7FBF /* DiscoverViewController.swift */ = {isa = PBXFileReference; fileEncoding = 4; lastKnownFileType = sourcecode.swift; path = DiscoverViewController.swift; sourceTree = "<group>"; };
		4C03CE3321FEA15100EE7FBF /* WBComposeViewController.swift */ = {isa = PBXFileReference; fileEncoding = 4; lastKnownFileType = sourcecode.swift; path = WBComposeViewController.swift; sourceTree = "<group>"; };
		4C03CE3621FEA15100EE7FBF /* MessageViewController.swift */ = {isa = PBXFileReference; fileEncoding = 4; lastKnownFileType = sourcecode.swift; path = MessageViewController.swift; sourceTree = "<group>"; };
		4C03CE3921FEA15100EE7FBF /* UIImageView+Extension.swift */ = {isa = PBXFileReference; fileEncoding = 4; lastKnownFileType = sourcecode.swift; path = "UIImageView+Extension.swift"; sourceTree = "<group>"; };
		4C03CE3A21FEA15100EE7FBF /* UIColor+Extension.swift */ = {isa = PBXFileReference; fileEncoding = 4; lastKnownFileType = sourcecode.swift; path = "UIColor+Extension.swift"; sourceTree = "<group>"; };
		4C03CE3B21FEA15100EE7FBF /* UILabel+Extension.swift */ = {isa = PBXFileReference; fileEncoding = 4; lastKnownFileType = sourcecode.swift; path = "UILabel+Extension.swift"; sourceTree = "<group>"; };
		4C03CE3C21FEA15100EE7FBF /* UIButton+Extension.swift */ = {isa = PBXFileReference; fileEncoding = 4; lastKnownFileType = sourcecode.swift; path = "UIButton+Extension.swift"; sourceTree = "<group>"; };
		4C03CE3D21FEA15100EE7FBF /* UINavigationController+Extension.swift */ = {isa = PBXFileReference; fileEncoding = 4; lastKnownFileType = sourcecode.swift; path = "UINavigationController+Extension.swift"; sourceTree = "<group>"; };
		4C03CE3E21FEA15100EE7FBF /* UIViewController+Extension.swift */ = {isa = PBXFileReference; fileEncoding = 4; lastKnownFileType = sourcecode.swift; path = "UIViewController+Extension.swift"; sourceTree = "<group>"; };
		4C03CE3F21FEA15100EE7FBF /* UIBarButtonItem+Extension.swift */ = {isa = PBXFileReference; fileEncoding = 4; lastKnownFileType = sourcecode.swift; path = "UIBarButtonItem+Extension.swift"; sourceTree = "<group>"; };
		4C03CE4121FEA15100EE7FBF /* Constant.swift */ = {isa = PBXFileReference; fileEncoding = 4; lastKnownFileType = sourcecode.swift; path = Constant.swift; sourceTree = "<group>"; };
		4C03CE4421FEA15100EE7FBF /* SettingViewController.swift */ = {isa = PBXFileReference; fileEncoding = 4; lastKnownFileType = sourcecode.swift; path = SettingViewController.swift; sourceTree = "<group>"; };
		4C03CE4521FEA15100EE7FBF /* PersonCenterViewController.swift */ = {isa = PBXFileReference; fileEncoding = 4; lastKnownFileType = sourcecode.swift; path = PersonCenterViewController.swift; sourceTree = "<group>"; };
		4C03CE4621FEA15100EE7FBF /* AddFriendsViewController.swift */ = {isa = PBXFileReference; fileEncoding = 4; lastKnownFileType = sourcecode.swift; path = AddFriendsViewController.swift; sourceTree = "<group>"; };
		4C03CE4721FEA15100EE7FBF /* ProfileViewController.swift */ = {isa = PBXFileReference; fileEncoding = 4; lastKnownFileType = sourcecode.swift; path = ProfileViewController.swift; sourceTree = "<group>"; };
		4C03CE4921FEA15100EE7FBF /* ProfileModel.swift */ = {isa = PBXFileReference; fileEncoding = 4; lastKnownFileType = sourcecode.swift; path = ProfileModel.swift; sourceTree = "<group>"; };
		4C03CE4B21FEA15100EE7FBF /* ProfileViewCell.swift */ = {isa = PBXFileReference; fileEncoding = 4; lastKnownFileType = sourcecode.swift; path = ProfileViewCell.swift; sourceTree = "<group>"; };
		4C03CE4C21FEA15100EE7FBF /* ProfileHeadViewCell.swift */ = {isa = PBXFileReference; fileEncoding = 4; lastKnownFileType = sourcecode.swift; path = ProfileHeadViewCell.swift; sourceTree = "<group>"; };
		4C03CE4D21FEA15100EE7FBF /* ProfileHeadItemView.swift */ = {isa = PBXFileReference; fileEncoding = 4; lastKnownFileType = sourcecode.swift; path = ProfileHeadItemView.swift; sourceTree = "<group>"; };
		4C03CE4E21FEA15100EE7FBF /* AddFriendsStyle2TableViewCell.swift */ = {isa = PBXFileReference; fileEncoding = 4; lastKnownFileType = sourcecode.swift; path = AddFriendsStyle2TableViewCell.swift; sourceTree = "<group>"; };
		4C03CE4F21FEA15100EE7FBF /* AddFriendsStyle1ViewCell.swift */ = {isa = PBXFileReference; fileEncoding = 4; lastKnownFileType = sourcecode.swift; path = AddFriendsStyle1ViewCell.swift; sourceTree = "<group>"; };
		4C03CE5221FEA15100EE7FBF /* VisitorView.swift */ = {isa = PBXFileReference; fileEncoding = 4; lastKnownFileType = sourcecode.swift; path = VisitorView.swift; sourceTree = "<group>"; };
		4C03CE5521FEA15100EE7FBF /* WBVisitorViewController.swift */ = {isa = PBXFileReference; fileEncoding = 4; lastKnownFileType = sourcecode.swift; path = WBVisitorViewController.swift; sourceTree = "<group>"; };
		4C03CE5621FEA15100EE7FBF /* WBBaseViewController.swift */ = {isa = PBXFileReference; fileEncoding = 4; lastKnownFileType = sourcecode.swift; path = WBBaseViewController.swift; sourceTree = "<group>"; };
		4C03CE5721FEA15100EE7FBF /* WBNavigationController.swift */ = {isa = PBXFileReference; fileEncoding = 4; lastKnownFileType = sourcecode.swift; path = WBNavigationController.swift; sourceTree = "<group>"; };
		4C03CE5821FEA15100EE7FBF /* WBTabBarController.swift */ = {isa = PBXFileReference; fileEncoding = 4; lastKnownFileType = sourcecode.swift; path = WBTabBarController.swift; sourceTree = "<group>"; };
		4C03CE5921FEA15100EE7FBF /* WBTempViewController.swift */ = {isa = PBXFileReference; fileEncoding = 4; lastKnownFileType = sourcecode.swift; path = WBTempViewController.swift; sourceTree = "<group>"; };
		4C03CE5B21FEA15100EE7FBF /* WBTabBar.swift */ = {isa = PBXFileReference; fileEncoding = 4; lastKnownFileType = sourcecode.swift; path = WBTabBar.swift; sourceTree = "<group>"; };
		4C03CE5C21FEA15100EE7FBF /* WBVisitorView.swift */ = {isa = PBXFileReference; fileEncoding = 4; lastKnownFileType = sourcecode.swift; path = WBVisitorView.swift; sourceTree = "<group>"; };
		4C03CE7B21FEDB1B00EE7FBF /* DispatchQueue+Extension.swift */ = {isa = PBXFileReference; fileEncoding = 4; lastKnownFileType = sourcecode.swift; path = "DispatchQueue+Extension.swift"; sourceTree = "<group>"; };
		7CEC383EC52BA78876E3D932 /* Pods-Weibo.debug.xcconfig */ = {isa = PBXFileReference; includeInIndex = 1; lastKnownFileType = text.xcconfig; name = "Pods-Weibo.debug.xcconfig"; path = "Pods/Target Support Files/Pods-Weibo/Pods-Weibo.debug.xcconfig"; sourceTree = "<group>"; };
		E571C3A3CE5DE7BD27C1464E /* Pods-Weibo.release.xcconfig */ = {isa = PBXFileReference; includeInIndex = 1; lastKnownFileType = text.xcconfig; name = "Pods-Weibo.release.xcconfig"; path = "Pods/Target Support Files/Pods-Weibo/Pods-Weibo.release.xcconfig"; sourceTree = "<group>"; };
/* End PBXFileReference section */

/* Begin PBXFrameworksBuildPhase section */
		4C03CE0E21FE9B1300EE7FBF /* Frameworks */ = {
			isa = PBXFrameworksBuildPhase;
			buildActionMask = 2147483647;
			files = (
				5B381703C8EA6936851EE49D /* Pods_Weibo.framework in Frameworks */,
			);
			runOnlyForDeploymentPostprocessing = 0;
		};
/* End PBXFrameworksBuildPhase section */

/* Begin PBXGroup section */
		4C03CE0821FE9B1300EE7FBF = {
			isa = PBXGroup;
			children = (
				4C03CE1321FE9B1300EE7FBF /* Weibo */,
				4C03CE1221FE9B1300EE7FBF /* Products */,
				C84167DD06140DB595E8983A /* Pods */,
				A69F844E81FBC4BBFE843E19 /* Frameworks */,
			);
			sourceTree = "<group>";
		};
		4C03CE1221FE9B1300EE7FBF /* Products */ = {
			isa = PBXGroup;
			children = (
				4C03CE1121FE9B1300EE7FBF /* Weibo.app */,
			);
			name = Products;
			sourceTree = "<group>";
		};
		4C03CE1321FE9B1300EE7FBF /* Weibo */ = {
			isa = PBXGroup;
			children = (
				4C03CE1421FE9B1300EE7FBF /* AppDelegate.swift */,
				4C03CE2821FEA13800EE7FBF /* AppDelegate+3DTouch.swift */,
				4C03CE2A21FEA15000EE7FBF /* Classes */,
				4C03CE1821FE9B1300EE7FBF /* Main.storyboard */,
				4C03CE1B21FE9B1600EE7FBF /* Assets.xcassets */,
				4C03CE1D21FE9B1600EE7FBF /* LaunchScreen.storyboard */,
				4C03CE2021FE9B1600EE7FBF /* Info.plist */,
			);
			path = Weibo;
			sourceTree = "<group>";
		};
		4C03CE2A21FEA15000EE7FBF /* Classes */ = {
			isa = PBXGroup;
			children = (
				4C03CE2B21FEA15000EE7FBF /* Home */,
				4C03CE2E21FEA15000EE7FBF /* Discover */,
				4C03CE3121FEA15100EE7FBF /* Compose */,
				4C03CE3421FEA15100EE7FBF /* Message */,
				4C03CE3721FEA15100EE7FBF /* Public */,
				4C03CE4221FEA15100EE7FBF /* Profile */,
				4C03CE5021FEA15100EE7FBF /* Visitor */,
				4C03CE5321FEA15100EE7FBF /* Main */,
			);
			path = Classes;
			sourceTree = "<group>";
		};
		4C03CE2B21FEA15000EE7FBF /* Home */ = {
			isa = PBXGroup;
			children = (
				4C03CE2C21FEA15000EE7FBF /* View(视图和控制器) */,
			);
			path = Home;
			sourceTree = "<group>";
		};
		4C03CE2C21FEA15000EE7FBF /* View(视图和控制器) */ = {
			isa = PBXGroup;
			children = (
				4C03CE2D21FEA15000EE7FBF /* HomeViewController.swift */,
			);
			path = "View(视图和控制器)";
			sourceTree = "<group>";
		};
		4C03CE2E21FEA15000EE7FBF /* Discover */ = {
			isa = PBXGroup;
			children = (
				4C03CE2F21FEA15000EE7FBF /* View(视图和控制器) */,
			);
			path = Discover;
			sourceTree = "<group>";
		};
		4C03CE2F21FEA15000EE7FBF /* View(视图和控制器) */ = {
			isa = PBXGroup;
			children = (
				4C03CE3021FEA15000EE7FBF /* DiscoverViewController.swift */,
			);
			path = "View(视图和控制器)";
			sourceTree = "<group>";
		};
		4C03CE3121FEA15100EE7FBF /* Compose */ = {
			isa = PBXGroup;
			children = (
				4C03CE3221FEA15100EE7FBF /* View(视图和控制器) */,
			);
			path = Compose;
			sourceTree = "<group>";
		};
		4C03CE3221FEA15100EE7FBF /* View(视图和控制器) */ = {
			isa = PBXGroup;
			children = (
				4C03CE3321FEA15100EE7FBF /* WBComposeViewController.swift */,
			);
			path = "View(视图和控制器)";
			sourceTree = "<group>";
		};
		4C03CE3421FEA15100EE7FBF /* Message */ = {
			isa = PBXGroup;
			children = (
				4C03CE3521FEA15100EE7FBF /* View(视图和控制器) */,
			);
			path = Message;
			sourceTree = "<group>";
		};
		4C03CE3521FEA15100EE7FBF /* View(视图和控制器) */ = {
			isa = PBXGroup;
			children = (
				4C03CE3621FEA15100EE7FBF /* MessageViewController.swift */,
			);
			path = "View(视图和控制器)";
			sourceTree = "<group>";
		};
		4C03CE3721FEA15100EE7FBF /* Public */ = {
			isa = PBXGroup;
			children = (
				4C03CE3821FEA15100EE7FBF /* Extension */,
				4C03CE4021FEA15100EE7FBF /* Constant */,
			);
			path = Public;
			sourceTree = "<group>";
		};
		4C03CE3821FEA15100EE7FBF /* Extension */ = {
			isa = PBXGroup;
			children = (
				4C03CE7B21FEDB1B00EE7FBF /* DispatchQueue+Extension.swift */,
				4C03CE3921FEA15100EE7FBF /* UIImageView+Extension.swift */,
				4C03CE3A21FEA15100EE7FBF /* UIColor+Extension.swift */,
				4C03CE3B21FEA15100EE7FBF /* UILabel+Extension.swift */,
				4C03CE3C21FEA15100EE7FBF /* UIButton+Extension.swift */,
				4C03CE3D21FEA15100EE7FBF /* UINavigationController+Extension.swift */,
				4C03CE3E21FEA15100EE7FBF /* UIViewController+Extension.swift */,
				4C03CE3F21FEA15100EE7FBF /* UIBarButtonItem+Extension.swift */,
			);
			path = Extension;
			sourceTree = "<group>";
		};
		4C03CE4021FEA15100EE7FBF /* Constant */ = {
			isa = PBXGroup;
			children = (
				4C03CE4121FEA15100EE7FBF /* Constant.swift */,
			);
			path = Constant;
			sourceTree = "<group>";
		};
		4C03CE4221FEA15100EE7FBF /* Profile */ = {
			isa = PBXGroup;
			children = (
				4C03CE4321FEA15100EE7FBF /* Controller */,
				4C03CE4821FEA15100EE7FBF /* Model */,
				4C03CE4A21FEA15100EE7FBF /* View */,
			);
			path = Profile;
			sourceTree = "<group>";
		};
		4C03CE4321FEA15100EE7FBF /* Controller */ = {
			isa = PBXGroup;
			children = (
				4C03CE4421FEA15100EE7FBF /* SettingViewController.swift */,
				4C03CE4521FEA15100EE7FBF /* PersonCenterViewController.swift */,
				4C03CE4621FEA15100EE7FBF /* AddFriendsViewController.swift */,
				4C03CE4721FEA15100EE7FBF /* ProfileViewController.swift */,
			);
			path = Controller;
			sourceTree = "<group>";
		};
		4C03CE4821FEA15100EE7FBF /* Model */ = {
			isa = PBXGroup;
			children = (
				4C03CE4921FEA15100EE7FBF /* ProfileModel.swift */,
			);
			path = Model;
			sourceTree = "<group>";
		};
		4C03CE4A21FEA15100EE7FBF /* View */ = {
			isa = PBXGroup;
			children = (
				4C03CE4B21FEA15100EE7FBF /* ProfileViewCell.swift */,
				4C03CE4C21FEA15100EE7FBF /* ProfileHeadViewCell.swift */,
				4C03CE4D21FEA15100EE7FBF /* ProfileHeadItemView.swift */,
				4C03CE4E21FEA15100EE7FBF /* AddFriendsStyle2TableViewCell.swift */,
				4C03CE4F21FEA15100EE7FBF /* AddFriendsStyle1ViewCell.swift */,
			);
			path = View;
			sourceTree = "<group>";
		};
		4C03CE5021FEA15100EE7FBF /* Visitor */ = {
			isa = PBXGroup;
			children = (
				4C03CE5121FEA15100EE7FBF /* View(视图和控制器) */,
			);
			path = Visitor;
			sourceTree = "<group>";
		};
		4C03CE5121FEA15100EE7FBF /* View(视图和控制器) */ = {
			isa = PBXGroup;
			children = (
				4C03CE5221FEA15100EE7FBF /* VisitorView.swift */,
			);
			path = "View(视图和控制器)";
			sourceTree = "<group>";
		};
		4C03CE5321FEA15100EE7FBF /* Main */ = {
			isa = PBXGroup;
			children = (
				4C03CE5421FEA15100EE7FBF /* Controller */,
				4C03CE5A21FEA15100EE7FBF /* View */,
			);
			path = Main;
			sourceTree = "<group>";
		};
		4C03CE5421FEA15100EE7FBF /* Controller */ = {
			isa = PBXGroup;
			children = (
				4C03CE5521FEA15100EE7FBF /* WBVisitorViewController.swift */,
				4C03CE5621FEA15100EE7FBF /* WBBaseViewController.swift */,
				4C03CE5721FEA15100EE7FBF /* WBNavigationController.swift */,
				4C03CE5821FEA15100EE7FBF /* WBTabBarController.swift */,
				4C03CE5921FEA15100EE7FBF /* WBTempViewController.swift */,
			);
			path = Controller;
			sourceTree = "<group>";
		};
		4C03CE5A21FEA15100EE7FBF /* View */ = {
			isa = PBXGroup;
			children = (
				4C03CE5B21FEA15100EE7FBF /* WBTabBar.swift */,
				4C03CE5C21FEA15100EE7FBF /* WBVisitorView.swift */,
			);
			path = View;
			sourceTree = "<group>";
		};
		A69F844E81FBC4BBFE843E19 /* Frameworks */ = {
			isa = PBXGroup;
			children = (
				3DFB439CA48AE4AE66DF0947 /* Pods_Weibo.framework */,
			);
			name = Frameworks;
			sourceTree = "<group>";
		};
		C84167DD06140DB595E8983A /* Pods */ = {
			isa = PBXGroup;
			children = (
				7CEC383EC52BA78876E3D932 /* Pods-Weibo.debug.xcconfig */,
				E571C3A3CE5DE7BD27C1464E /* Pods-Weibo.release.xcconfig */,
			);
			name = Pods;
			sourceTree = "<group>";
		};
/* End PBXGroup section */

/* Begin PBXNativeTarget section */
		4C03CE1021FE9B1300EE7FBF /* Weibo */ = {
			isa = PBXNativeTarget;
			buildConfigurationList = 4C03CE2321FE9B1600EE7FBF /* Build configuration list for PBXNativeTarget "Weibo" */;
			buildPhases = (
				5D2E094032D63926AA40A52F /* [CP] Check Pods Manifest.lock */,
				4C03CE0D21FE9B1300EE7FBF /* Sources */,
				4C03CE0E21FE9B1300EE7FBF /* Frameworks */,
				4C03CE0F21FE9B1300EE7FBF /* Resources */,
				3B47B6BB85B7C049CE28CC3F /* [CP] Embed Pods Frameworks */,
			);
			buildRules = (
			);
			dependencies = (
			);
			name = Weibo;
			productName = Weibo;
			productReference = 4C03CE1121FE9B1300EE7FBF /* Weibo.app */;
			productType = "com.apple.product-type.application";
		};
/* End PBXNativeTarget section */

/* Begin PBXProject section */
		4C03CE0921FE9B1300EE7FBF /* Project object */ = {
			isa = PBXProject;
			attributes = {
				LastSwiftUpdateCheck = 1010;
				LastUpgradeCheck = 1010;
				ORGANIZATIONNAME = michael;
				TargetAttributes = {
					4C03CE1021FE9B1300EE7FBF = {
						CreatedOnToolsVersion = 10.1;
					};
				};
			};
			buildConfigurationList = 4C03CE0C21FE9B1300EE7FBF /* Build configuration list for PBXProject "Weibo" */;
			compatibilityVersion = "Xcode 9.3";
			developmentRegion = en;
			hasScannedForEncodings = 0;
			knownRegions = (
				en,
				Base,
			);
			mainGroup = 4C03CE0821FE9B1300EE7FBF;
			productRefGroup = 4C03CE1221FE9B1300EE7FBF /* Products */;
			projectDirPath = "";
			projectRoot = "";
			targets = (
				4C03CE1021FE9B1300EE7FBF /* Weibo */,
			);
		};
/* End PBXProject section */

/* Begin PBXResourcesBuildPhase section */
		4C03CE0F21FE9B1300EE7FBF /* Resources */ = {
			isa = PBXResourcesBuildPhase;
			buildActionMask = 2147483647;
			files = (
				4C03CE1F21FE9B1600EE7FBF /* LaunchScreen.storyboard in Resources */,
				4C03CE1C21FE9B1600EE7FBF /* Assets.xcassets in Resources */,
				4C03CE1A21FE9B1300EE7FBF /* Main.storyboard in Resources */,
			);
			runOnlyForDeploymentPostprocessing = 0;
		};
/* End PBXResourcesBuildPhase section */

/* Begin PBXShellScriptBuildPhase section */
		3B47B6BB85B7C049CE28CC3F /* [CP] Embed Pods Frameworks */ = {
			isa = PBXShellScriptBuildPhase;
			buildActionMask = 2147483647;
			files = (
			);
			inputFileListPaths = (
			);
			inputPaths = (
				"${SRCROOT}/Pods/Target Support Files/Pods-Weibo/Pods-Weibo-frameworks.sh",
				"${BUILT_PRODUCTS_DIR}/AFNetworking/AFNetworking.framework",
				"${BUILT_PRODUCTS_DIR}/SDWebImage/SDWebImage.framework",
				"${BUILT_PRODUCTS_DIR}/SVProgressHUD/SVProgressHUD.framework",
				"${BUILT_PRODUCTS_DIR}/SnapKit/SnapKit.framework",
				"${BUILT_PRODUCTS_DIR}/YYModel/YYModel.framework",
				"${BUILT_PRODUCTS_DIR}/pop/pop.framework",
			);
			name = "[CP] Embed Pods Frameworks";
			outputFileListPaths = (
			);
			outputPaths = (
				"${TARGET_BUILD_DIR}/${FRAMEWORKS_FOLDER_PATH}/AFNetworking.framework",
				"${TARGET_BUILD_DIR}/${FRAMEWORKS_FOLDER_PATH}/SDWebImage.framework",
				"${TARGET_BUILD_DIR}/${FRAMEWORKS_FOLDER_PATH}/SVProgressHUD.framework",
				"${TARGET_BUILD_DIR}/${FRAMEWORKS_FOLDER_PATH}/SnapKit.framework",
				"${TARGET_BUILD_DIR}/${FRAMEWORKS_FOLDER_PATH}/YYModel.framework",
				"${TARGET_BUILD_DIR}/${FRAMEWORKS_FOLDER_PATH}/pop.framework",
			);
			runOnlyForDeploymentPostprocessing = 0;
			shellPath = /bin/sh;
			shellScript = "\"${SRCROOT}/Pods/Target Support Files/Pods-Weibo/Pods-Weibo-frameworks.sh\"\n";
			showEnvVarsInLog = 0;
		};
		5D2E094032D63926AA40A52F /* [CP] Check Pods Manifest.lock */ = {
			isa = PBXShellScriptBuildPhase;
			buildActionMask = 2147483647;
			files = (
			);
			inputFileListPaths = (
			);
			inputPaths = (
				"${PODS_PODFILE_DIR_PATH}/Podfile.lock",
				"${PODS_ROOT}/Manifest.lock",
			);
			name = "[CP] Check Pods Manifest.lock";
			outputFileListPaths = (
			);
			outputPaths = (
				"$(DERIVED_FILE_DIR)/Pods-Weibo-checkManifestLockResult.txt",
			);
			runOnlyForDeploymentPostprocessing = 0;
			shellPath = /bin/sh;
			shellScript = "diff \"${PODS_PODFILE_DIR_PATH}/Podfile.lock\" \"${PODS_ROOT}/Manifest.lock\" > /dev/null\nif [ $? != 0 ] ; then\n    # print error to STDERR\n    echo \"error: The sandbox is not in sync with the Podfile.lock. Run 'pod install' or update your CocoaPods installation.\" >&2\n    exit 1\nfi\n# This output is used by Xcode 'outputs' to avoid re-running this script phase.\necho \"SUCCESS\" > \"${SCRIPT_OUTPUT_FILE_0}\"\n";
			showEnvVarsInLog = 0;
		};
/* End PBXShellScriptBuildPhase section */

/* Begin PBXSourcesBuildPhase section */
		4C03CE0D21FE9B1300EE7FBF /* Sources */ = {
			isa = PBXSourcesBuildPhase;
			buildActionMask = 2147483647;
			files = (
				4C03CE7521FEA15100EE7FBF /* WBBaseViewController.swift in Sources */,
				4C03CE7A21FEA15100EE7FBF /* WBVisitorView.swift in Sources */,
				4C03CE6621FEA15100EE7FBF /* UIViewController+Extension.swift in Sources */,
				4C03CE6821FEA15100EE7FBF /* Constant.swift in Sources */,
				4C03CE6E21FEA15100EE7FBF /* ProfileViewCell.swift in Sources */,
				4C03CE6921FEA15100EE7FBF /* SettingViewController.swift in Sources */,
				4C03CE2921FEA13900EE7FBF /* AppDelegate+3DTouch.swift in Sources */,
				4C03CE6321FEA15100EE7FBF /* UILabel+Extension.swift in Sources */,
				4C03CE7721FEA15100EE7FBF /* WBTabBarController.swift in Sources */,
				4C03CE7321FEA15100EE7FBF /* VisitorView.swift in Sources */,
				4C03CE7221FEA15100EE7FBF /* AddFriendsStyle1ViewCell.swift in Sources */,
				4C03CE6B21FEA15100EE7FBF /* AddFriendsViewController.swift in Sources */,
				4C03CE7121FEA15100EE7FBF /* AddFriendsStyle2TableViewCell.swift in Sources */,
				4C03CE7421FEA15100EE7FBF /* WBVisitorViewController.swift in Sources */,
				4C03CE7921FEA15100EE7FBF /* WBTabBar.swift in Sources */,
				4C03CE6421FEA15100EE7FBF /* UIButton+Extension.swift in Sources */,
				4C03CE7C21FEDB1C00EE7FBF /* DispatchQueue+Extension.swift in Sources */,
				4C03CE6121FEA15100EE7FBF /* UIImageView+Extension.swift in Sources */,
				4C03CE6F21FEA15100EE7FBF /* ProfileHeadViewCell.swift in Sources */,
				4C03CE6C21FEA15100EE7FBF /* ProfileViewController.swift in Sources */,
				4C03CE7821FEA15100EE7FBF /* WBTempViewController.swift in Sources */,
				4C03CE6221FEA15100EE7FBF /* UIColor+Extension.swift in Sources */,
				4C03CE7021FEA15100EE7FBF /* ProfileHeadItemView.swift in Sources */,
				4C03CE6A21FEA15100EE7FBF /* PersonCenterViewController.swift in Sources */,
				4C03CE5F21FEA15100EE7FBF /* WBComposeViewController.swift in Sources */,
				4C03CE1521FE9B1300EE7FBF /* AppDelegate.swift in Sources */,
				4C03CE5D21FEA15100EE7FBF /* HomeViewController.swift in Sources */,
				4C03CE6D21FEA15100EE7FBF /* ProfileModel.swift in Sources */,
				4C03CE6721FEA15100EE7FBF /* UIBarButtonItem+Extension.swift in Sources */,
				4C03CE5E21FEA15100EE7FBF /* DiscoverViewController.swift in Sources */,
				4C03CE7621FEA15100EE7FBF /* WBNavigationController.swift in Sources */,
				4C03CE6021FEA15100EE7FBF /* MessageViewController.swift in Sources */,
				4C03CE6521FEA15100EE7FBF /* UINavigationController+Extension.swift in Sources */,
			);
			runOnlyForDeploymentPostprocessing = 0;
		};
/* End PBXSourcesBuildPhase section */

/* Begin PBXVariantGroup section */
		4C03CE1821FE9B1300EE7FBF /* Main.storyboard */ = {
			isa = PBXVariantGroup;
			children = (
				4C03CE1921FE9B1300EE7FBF /* Base */,
			);
			name = Main.storyboard;
			sourceTree = "<group>";
		};
		4C03CE1D21FE9B1600EE7FBF /* LaunchScreen.storyboard */ = {
			isa = PBXVariantGroup;
			children = (
				4C03CE1E21FE9B1600EE7FBF /* Base */,
			);
			name = LaunchScreen.storyboard;
			sourceTree = "<group>";
		};
/* End PBXVariantGroup section */

/* Begin XCBuildConfiguration section */
		4C03CE2121FE9B1600EE7FBF /* Debug */ = {
			isa = XCBuildConfiguration;
			buildSettings = {
				ALWAYS_SEARCH_USER_PATHS = NO;
				CLANG_ANALYZER_NONNULL = YES;
				CLANG_ANALYZER_NUMBER_OBJECT_CONVERSION = YES_AGGRESSIVE;
				CLANG_CXX_LANGUAGE_STANDARD = "gnu++14";
				CLANG_CXX_LIBRARY = "libc++";
				CLANG_ENABLE_MODULES = YES;
				CLANG_ENABLE_OBJC_ARC = YES;
				CLANG_ENABLE_OBJC_WEAK = YES;
				CLANG_WARN_BLOCK_CAPTURE_AUTORELEASING = YES;
				CLANG_WARN_BOOL_CONVERSION = YES;
				CLANG_WARN_COMMA = YES;
				CLANG_WARN_CONSTANT_CONVERSION = YES;
				CLANG_WARN_DEPRECATED_OBJC_IMPLEMENTATIONS = YES;
				CLANG_WARN_DIRECT_OBJC_ISA_USAGE = YES_ERROR;
				CLANG_WARN_DOCUMENTATION_COMMENTS = YES;
				CLANG_WARN_EMPTY_BODY = YES;
				CLANG_WARN_ENUM_CONVERSION = YES;
				CLANG_WARN_INFINITE_RECURSION = YES;
				CLANG_WARN_INT_CONVERSION = YES;
				CLANG_WARN_NON_LITERAL_NULL_CONVERSION = YES;
				CLANG_WARN_OBJC_IMPLICIT_RETAIN_SELF = YES;
				CLANG_WARN_OBJC_LITERAL_CONVERSION = YES;
				CLANG_WARN_OBJC_ROOT_CLASS = YES_ERROR;
				CLANG_WARN_RANGE_LOOP_ANALYSIS = YES;
				CLANG_WARN_STRICT_PROTOTYPES = YES;
				CLANG_WARN_SUSPICIOUS_MOVE = YES;
				CLANG_WARN_UNGUARDED_AVAILABILITY = YES_AGGRESSIVE;
				CLANG_WARN_UNREACHABLE_CODE = YES;
				CLANG_WARN__DUPLICATE_METHOD_MATCH = YES;
				CODE_SIGN_IDENTITY = "iPhone Developer";
				COPY_PHASE_STRIP = NO;
				DEBUG_INFORMATION_FORMAT = dwarf;
				ENABLE_STRICT_OBJC_MSGSEND = YES;
				ENABLE_TESTABILITY = YES;
				GCC_C_LANGUAGE_STANDARD = gnu11;
				GCC_DYNAMIC_NO_PIC = NO;
				GCC_NO_COMMON_BLOCKS = YES;
				GCC_OPTIMIZATION_LEVEL = 0;
				GCC_PREPROCESSOR_DEFINITIONS = (
					"DEBUG=1",
					"$(inherited)",
				);
				GCC_WARN_64_TO_32_BIT_CONVERSION = YES;
				GCC_WARN_ABOUT_RETURN_TYPE = YES_ERROR;
				GCC_WARN_UNDECLARED_SELECTOR = YES;
				GCC_WARN_UNINITIALIZED_AUTOS = YES_AGGRESSIVE;
				GCC_WARN_UNUSED_FUNCTION = YES;
				GCC_WARN_UNUSED_VARIABLE = YES;
				IPHONEOS_DEPLOYMENT_TARGET = 12.1;
				MTL_ENABLE_DEBUG_INFO = INCLUDE_SOURCE;
				MTL_FAST_MATH = YES;
				ONLY_ACTIVE_ARCH = YES;
				SDKROOT = iphoneos;
				SWIFT_ACTIVE_COMPILATION_CONDITIONS = DEBUG;
				SWIFT_OPTIMIZATION_LEVEL = "-Onone";
			};
			name = Debug;
		};
		4C03CE2221FE9B1600EE7FBF /* Release */ = {
			isa = XCBuildConfiguration;
			buildSettings = {
				ALWAYS_SEARCH_USER_PATHS = NO;
				CLANG_ANALYZER_NONNULL = YES;
				CLANG_ANALYZER_NUMBER_OBJECT_CONVERSION = YES_AGGRESSIVE;
				CLANG_CXX_LANGUAGE_STANDARD = "gnu++14";
				CLANG_CXX_LIBRARY = "libc++";
				CLANG_ENABLE_MODULES = YES;
				CLANG_ENABLE_OBJC_ARC = YES;
				CLANG_ENABLE_OBJC_WEAK = YES;
				CLANG_WARN_BLOCK_CAPTURE_AUTORELEASING = YES;
				CLANG_WARN_BOOL_CONVERSION = YES;
				CLANG_WARN_COMMA = YES;
				CLANG_WARN_CONSTANT_CONVERSION = YES;
				CLANG_WARN_DEPRECATED_OBJC_IMPLEMENTATIONS = YES;
				CLANG_WARN_DIRECT_OBJC_ISA_USAGE = YES_ERROR;
				CLANG_WARN_DOCUMENTATION_COMMENTS = YES;
				CLANG_WARN_EMPTY_BODY = YES;
				CLANG_WARN_ENUM_CONVERSION = YES;
				CLANG_WARN_INFINITE_RECURSION = YES;
				CLANG_WARN_INT_CONVERSION = YES;
				CLANG_WARN_NON_LITERAL_NULL_CONVERSION = YES;
				CLANG_WARN_OBJC_IMPLICIT_RETAIN_SELF = YES;
				CLANG_WARN_OBJC_LITERAL_CONVERSION = YES;
				CLANG_WARN_OBJC_ROOT_CLASS = YES_ERROR;
				CLANG_WARN_RANGE_LOOP_ANALYSIS = YES;
				CLANG_WARN_STRICT_PROTOTYPES = YES;
				CLANG_WARN_SUSPICIOUS_MOVE = YES;
				CLANG_WARN_UNGUARDED_AVAILABILITY = YES_AGGRESSIVE;
				CLANG_WARN_UNREACHABLE_CODE = YES;
				CLANG_WARN__DUPLICATE_METHOD_MATCH = YES;
				CODE_SIGN_IDENTITY = "iPhone Developer";
				COPY_PHASE_STRIP = NO;
				DEBUG_INFORMATION_FORMAT = "dwarf-with-dsym";
				ENABLE_NS_ASSERTIONS = NO;
				ENABLE_STRICT_OBJC_MSGSEND = YES;
				GCC_C_LANGUAGE_STANDARD = gnu11;
				GCC_NO_COMMON_BLOCKS = YES;
				GCC_WARN_64_TO_32_BIT_CONVERSION = YES;
				GCC_WARN_ABOUT_RETURN_TYPE = YES_ERROR;
				GCC_WARN_UNDECLARED_SELECTOR = YES;
				GCC_WARN_UNINITIALIZED_AUTOS = YES_AGGRESSIVE;
				GCC_WARN_UNUSED_FUNCTION = YES;
				GCC_WARN_UNUSED_VARIABLE = YES;
				IPHONEOS_DEPLOYMENT_TARGET = 12.1;
				MTL_ENABLE_DEBUG_INFO = NO;
				MTL_FAST_MATH = YES;
				SDKROOT = iphoneos;
				SWIFT_COMPILATION_MODE = wholemodule;
				SWIFT_OPTIMIZATION_LEVEL = "-O";
				VALIDATE_PRODUCT = YES;
			};
			name = Release;
		};
		4C03CE2421FE9B1600EE7FBF /* Debug */ = {
			isa = XCBuildConfiguration;
			baseConfigurationReference = 7CEC383EC52BA78876E3D932 /* Pods-Weibo.debug.xcconfig */;
			buildSettings = {
				ASSETCATALOG_COMPILER_APPICON_NAME = AppIcon;
				CODE_SIGN_STYLE = Automatic;
				DEVELOPMENT_TEAM = 3JU7F96J93;
				INFOPLIST_FILE = Weibo/Info.plist;
				LD_RUNPATH_SEARCH_PATHS = (
					"$(inherited)",
					"@executable_path/Frameworks",
				);
				PRODUCT_BUNDLE_IDENTIFIER = com.tutorabc.Weibo;
				PRODUCT_NAME = "$(TARGET_NAME)";
				SWIFT_VERSION = 4.2;
				TARGETED_DEVICE_FAMILY = "1,2";
			};
			name = Debug;
		};
		4C03CE2521FE9B1600EE7FBF /* Release */ = {
			isa = XCBuildConfiguration;
			baseConfigurationReference = E571C3A3CE5DE7BD27C1464E /* Pods-Weibo.release.xcconfig */;
			buildSettings = {
				ASSETCATALOG_COMPILER_APPICON_NAME = AppIcon;
				CODE_SIGN_STYLE = Automatic;
				DEVELOPMENT_TEAM = 3JU7F96J93;
				INFOPLIST_FILE = Weibo/Info.plist;
				LD_RUNPATH_SEARCH_PATHS = (
					"$(inherited)",
					"@executable_path/Frameworks",
				);
				PRODUCT_BUNDLE_IDENTIFIER = com.tutorabc.Weibo;
				PRODUCT_NAME = "$(TARGET_NAME)";
				SWIFT_VERSION = 4.2;
				TARGETED_DEVICE_FAMILY = "1,2";
			};
			name = Release;
		};
/* End XCBuildConfiguration section */

/* Begin XCConfigurationList section */
		4C03CE0C21FE9B1300EE7FBF /* Build configuration list for PBXProject "Weibo" */ = {
			isa = XCConfigurationList;
			buildConfigurations = (
				4C03CE2121FE9B1600EE7FBF /* Debug */,
				4C03CE2221FE9B1600EE7FBF /* Release */,
			);
			defaultConfigurationIsVisible = 0;
			defaultConfigurationName = Release;
		};
		4C03CE2321FE9B1600EE7FBF /* Build configuration list for PBXNativeTarget "Weibo" */ = {
			isa = XCConfigurationList;
			buildConfigurations = (
				4C03CE2421FE9B1600EE7FBF /* Debug */,
				4C03CE2521FE9B1600EE7FBF /* Release */,
			);
			defaultConfigurationIsVisible = 0;
			defaultConfigurationName = Release;
		};
/* End XCConfigurationList section */
	};
	rootObject = 4C03CE0921FE9B1300EE7FBF /* Project object */;
}
